// !$*UTF8*$!
{
	archiveVersion = 1;
	classes = {
	};
	objectVersion = 56;
	objects = {

/* Begin PBXBuildFile section */
		033790E129AD05C300F273E6 /* Story.swift in Sources */ = {isa = PBXBuildFile; fileRef = 033790E029AD05C300F273E6 /* Story.swift */; };
		033790E329AD0AB000F273E6 /* StoryLogic.swift in Sources */ = {isa = PBXBuildFile; fileRef = 033790E229AD0AB000F273E6 /* StoryLogic.swift */; };
		03EF4A6229ACF98C0052B569 /* AppDelegate.swift in Sources */ = {isa = PBXBuildFile; fileRef = 03EF4A6129ACF98C0052B569 /* AppDelegate.swift */; };
		03EF4A6429ACF98C0052B569 /* SceneDelegate.swift in Sources */ = {isa = PBXBuildFile; fileRef = 03EF4A6329ACF98C0052B569 /* SceneDelegate.swift */; };
		03EF4A6629ACF98C0052B569 /* mainViewController.swift in Sources */ = {isa = PBXBuildFile; fileRef = 03EF4A6529ACF98C0052B569 /* mainViewController.swift */; };
		03EF4A6929ACF98C0052B569 /* Main.storyboard in Resources */ = {isa = PBXBuildFile; fileRef = 03EF4A6729ACF98C0052B569 /* Main.storyboard */; };
		03EF4A6B29ACF98D0052B569 /* Assets.xcassets in Resources */ = {isa = PBXBuildFile; fileRef = 03EF4A6A29ACF98D0052B569 /* Assets.xcassets */; };
		03EF4A6E29ACF98D0052B569 /* LaunchScreen.storyboard in Resources */ = {isa = PBXBuildFile; fileRef = 03EF4A6C29ACF98D0052B569 /* LaunchScreen.storyboard */; };
		8CB5E2DF3021D6E1147D5CA4 /* Pods_yourWay.framework in Frameworks */ = {isa = PBXBuildFile; fileRef = D0DC4C24F3757BF02DE81951 /* Pods_yourWay.framework */; };
/* End PBXBuildFile section */

/* Begin PBXFileReference section */
		033790E029AD05C300F273E6 /* Story.swift */ = {isa = PBXFileReference; lastKnownFileType = sourcecode.swift; path = Story.swift; sourceTree = "<group>"; };
		033790E229AD0AB000F273E6 /* StoryLogic.swift */ = {isa = PBXFileReference; lastKnownFileType = sourcecode.swift; path = StoryLogic.swift; sourceTree = "<group>"; };
		03EF4A5E29ACF98C0052B569 /* yourWay.app */ = {isa = PBXFileReference; explicitFileType = wrapper.application; includeInIndex = 0; path = yourWay.app; sourceTree = BUILT_PRODUCTS_DIR; };
		03EF4A6129ACF98C0052B569 /* AppDelegate.swift */ = {isa = PBXFileReference; lastKnownFileType = sourcecode.swift; path = AppDelegate.swift; sourceTree = "<group>"; };
		03EF4A6329ACF98C0052B569 /* SceneDelegate.swift */ = {isa = PBXFileReference; lastKnownFileType = sourcecode.swift; path = SceneDelegate.swift; sourceTree = "<group>"; };
		03EF4A6529ACF98C0052B569 /* mainViewController.swift */ = {isa = PBXFileReference; lastKnownFileType = sourcecode.swift; path = mainViewController.swift; sourceTree = "<group>"; };
		03EF4A6829ACF98C0052B569 /* Base */ = {isa = PBXFileReference; lastKnownFileType = file.storyboard; name = Base; path = Base.lproj/Main.storyboard; sourceTree = "<group>"; };
		03EF4A6A29ACF98D0052B569 /* Assets.xcassets */ = {isa = PBXFileReference; lastKnownFileType = folder.assetcatalog; path = Assets.xcassets; sourceTree = "<group>"; };
		03EF4A6D29ACF98D0052B569 /* Base */ = {isa = PBXFileReference; lastKnownFileType = file.storyboard; name = Base; path = Base.lproj/LaunchScreen.storyboard; sourceTree = "<group>"; };
		03EF4A6F29ACF98D0052B569 /* Info.plist */ = {isa = PBXFileReference; lastKnownFileType = text.plist.xml; path = Info.plist; sourceTree = "<group>"; };
		6B3A0B1D49A72129B3081D4B /* Pods-yourWay.debug.xcconfig */ = {isa = PBXFileReference; includeInIndex = 1; lastKnownFileType = text.xcconfig; name = "Pods-yourWay.debug.xcconfig"; path = "Target Support Files/Pods-yourWay/Pods-yourWay.debug.xcconfig"; sourceTree = "<group>"; };
		A4EEB04CADEAEA9FC641A960 /* Pods-yourWay.release.xcconfig */ = {isa = PBXFileReference; includeInIndex = 1; lastKnownFileType = text.xcconfig; name = "Pods-yourWay.release.xcconfig"; path = "Target Support Files/Pods-yourWay/Pods-yourWay.release.xcconfig"; sourceTree = "<group>"; };
		D0DC4C24F3757BF02DE81951 /* Pods_yourWay.framework */ = {isa = PBXFileReference; explicitFileType = wrapper.framework; includeInIndex = 0; path = Pods_yourWay.framework; sourceTree = BUILT_PRODUCTS_DIR; };
/* End PBXFileReference section */

/* Begin PBXFrameworksBuildPhase section */
		03EF4A5B29ACF98C0052B569 /* Frameworks */ = {
			isa = PBXFrameworksBuildPhase;
			buildActionMask = 2147483647;
			files = (
				8CB5E2DF3021D6E1147D5CA4 /* Pods_yourWay.framework in Frameworks */,
			);
			runOnlyForDeploymentPostprocessing = 0;
		};
/* End PBXFrameworksBuildPhase section */

/* Begin PBXGroup section */
		033790DF29AD056E00F273E6 /* MainScreenVisual */ = {
			isa = PBXGroup;
			children = (
				03EF4A6C29ACF98D0052B569 /* LaunchScreen.storyboard */,
				03EF4A6729ACF98C0052B569 /* Main.storyboard */,
				03EF4A6A29ACF98D0052B569 /* Assets.xcassets */,
			);
			path = MainScreenVisual;
			sourceTree = "<group>";
		};
		033790E429AD43CD00F273E6 /* Logic */ = {
			isa = PBXGroup;
			children = (
				033790E229AD0AB000F273E6 /* StoryLogic.swift */,
				033790E029AD05C300F273E6 /* Story.swift */,
			);
			path = Logic;
			sourceTree = "<group>";
		};
		03EF4A5529ACF98C0052B569 = {
			isa = PBXGroup;
			children = (
				03EF4A6029ACF98C0052B569 /* yourWay */,
				03EF4A5F29ACF98C0052B569 /* Products */,
				B3350A124BA82E83B87FBA27 /* Pods */,
				1B4114C2F0F0F0017A352864 /* Frameworks */,
			);
			sourceTree = "<group>";
		};
		03EF4A5F29ACF98C0052B569 /* Products */ = {
			isa = PBXGroup;
			children = (
				03EF4A5E29ACF98C0052B569 /* yourWay.app */,
			);
			name = Products;
			sourceTree = "<group>";
		};
		03EF4A6029ACF98C0052B569 /* yourWay */ = {
			isa = PBXGroup;
			children = (
				03EF4A6129ACF98C0052B569 /* AppDelegate.swift */,
				03EF4A6329ACF98C0052B569 /* SceneDelegate.swift */,
				03EF4A6529ACF98C0052B569 /* mainViewController.swift */,
				033790E429AD43CD00F273E6 /* Logic */,
				033790DF29AD056E00F273E6 /* MainScreenVisual */,
				03EF4A6F29ACF98D0052B569 /* Info.plist */,
			);
			path = yourWay;
			sourceTree = "<group>";
		};
		1B4114C2F0F0F0017A352864 /* Frameworks */ = {
			isa = PBXGroup;
			children = (
				D0DC4C24F3757BF02DE81951 /* Pods_yourWay.framework */,
			);
			name = Frameworks;
			sourceTree = "<group>";
		};
		B3350A124BA82E83B87FBA27 /* Pods */ = {
			isa = PBXGroup;
			children = (
				6B3A0B1D49A72129B3081D4B /* Pods-yourWay.debug.xcconfig */,
				A4EEB04CADEAEA9FC641A960 /* Pods-yourWay.release.xcconfig */,
			);
			path = Pods;
			sourceTree = "<group>";
		};
/* End PBXGroup section */

/* Begin PBXNativeTarget section */
		03EF4A5D29ACF98C0052B569 /* yourWay */ = {
			isa = PBXNativeTarget;
			buildConfigurationList = 03EF4A7229ACF98D0052B569 /* Build configuration list for PBXNativeTarget "yourWay" */;
			buildPhases = (
				0310C77429AF7BD7005DDC99 /* ShellScript */,
				3700CB125C08ED86EBA22355 /* [CP] Check Pods Manifest.lock */,
				03EF4A5A29ACF98C0052B569 /* Sources */,
				03EF4A5B29ACF98C0052B569 /* Frameworks */,
				03EF4A5C29ACF98C0052B569 /* Resources */,
			);
			buildRules = (
			);
			dependencies = (
			);
			name = yourWay;
			productName = yourWay;
			productReference = 03EF4A5E29ACF98C0052B569 /* yourWay.app */;
			productType = "com.apple.product-type.application";
		};
/* End PBXNativeTarget section */

/* Begin PBXProject section */
		03EF4A5629ACF98C0052B569 /* Project object */ = {
			isa = PBXProject;
			attributes = {
				BuildIndependentTargetsInParallel = 1;
				LastSwiftUpdateCheck = 1420;
				LastUpgradeCheck = 1420;
				TargetAttributes = {
					03EF4A5D29ACF98C0052B569 = {
						CreatedOnToolsVersion = 14.2;
					};
				};
			};
			buildConfigurationList = 03EF4A5929ACF98C0052B569 /* Build configuration list for PBXProject "yourWay" */;
			compatibilityVersion = "Xcode 14.0";
			developmentRegion = en;
			hasScannedForEncodings = 0;
			knownRegions = (
				en,
				Base,
			);
			mainGroup = 03EF4A5529ACF98C0052B569;
			productRefGroup = 03EF4A5F29ACF98C0052B569 /* Products */;
			projectDirPath = "";
			projectRoot = "";
			targets = (
				03EF4A5D29ACF98C0052B569 /* yourWay */,
			);
		};
/* End PBXProject section */

/* Begin PBXResourcesBuildPhase section */
		03EF4A5C29ACF98C0052B569 /* Resources */ = {
			isa = PBXResourcesBuildPhase;
			buildActionMask = 2147483647;
			files = (
				03EF4A6E29ACF98D0052B569 /* LaunchScreen.storyboard in Resources */,
				03EF4A6B29ACF98D0052B569 /* Assets.xcassets in Resources */,
				03EF4A6929ACF98C0052B569 /* Main.storyboard in Resources */,
			);
			runOnlyForDeploymentPostprocessing = 0;
		};
/* End PBXResourcesBuildPhase section */

/* Begin PBXShellScriptBuildPhase section */
		0310C77429AF7BD7005DDC99 /* ShellScript */ = {
			isa = PBXShellScriptBuildPhase;
			alwaysOutOfDate = 1;
			buildActionMask = 2147483647;
			files = (
			);
			inputFileListPaths = (
			);
			inputPaths = (
			);
			outputFileListPaths = (
			);
			outputPaths = (
			);
			runOnlyForDeploymentPostprocessing = 0;
			shellPath = /bin/sh;
			shellScript = "${PODS_ROOT}/SwiftLint/swiftlint\n";
		};
		3700CB125C08ED86EBA22355 /* [CP] Check Pods Manifest.lock */ = {
			isa = PBXShellScriptBuildPhase;
			buildActionMask = 2147483647;
			files = (
			);
			inputFileListPaths = (
			);
			inputPaths = (
				"${PODS_PODFILE_DIR_PATH}/Podfile.lock",
				"${PODS_ROOT}/Manifest.lock",
			);
			name = "[CP] Check Pods Manifest.lock";
			outputFileListPaths = (
			);
			outputPaths = (
				"$(DERIVED_FILE_DIR)/Pods-yourWay-checkManifestLockResult.txt",
			);
			runOnlyForDeploymentPostprocessing = 0;
			shellPath = /bin/sh;
			shellScript = "diff \"${PODS_PODFILE_DIR_PATH}/Podfile.lock\" \"${PODS_ROOT}/Manifest.lock\" > /dev/null\nif [ $? != 0 ] ; then\n    # print error to STDERR\n    echo \"error: The sandbox is not in sync with the Podfile.lock. Run 'pod install' or update your CocoaPods installation.\" >&2\n    exit 1\nfi\n# This output is used by Xcode 'outputs' to avoid re-running this script phase.\necho \"SUCCESS\" > \"${SCRIPT_OUTPUT_FILE_0}\"\n";
			showEnvVarsInLog = 0;
		};
/* End PBXShellScriptBuildPhase section */

/* Begin PBXSourcesBuildPhase section */
		03EF4A5A29ACF98C0052B569 /* Sources */ = {
			isa = PBXSourcesBuildPhase;
			buildActionMask = 2147483647;
			files = (
				03EF4A6629ACF98C0052B569 /* mainViewController.swift in Sources */,
				03EF4A6229ACF98C0052B569 /* AppDelegate.swift in Sources */,
				033790E329AD0AB000F273E6 /* StoryLogic.swift in Sources */,
				03EF4A6429ACF98C0052B569 /* SceneDelegate.swift in Sources */,
				033790E129AD05C300F273E6 /* Story.swift in Sources */,
			);
			runOnlyForDeploymentPostprocessing = 0;
		};
/* End PBXSourcesBuildPhase section */

/* Begin PBXVariantGroup section */
		03EF4A6729ACF98C0052B569 /* Main.storyboard */ = {
			isa = PBXVariantGroup;
			children = (
				03EF4A6829ACF98C0052B569 /* Base */,
			);
			name = Main.storyboard;
			sourceTree = "<group>";
		};
		03EF4A6C29ACF98D0052B569 /* LaunchScreen.storyboard */ = {
			isa = PBXVariantGroup;
			children = (
				03EF4A6D29ACF98D0052B569 /* Base */,
			);
			name = LaunchScreen.storyboard;
			sourceTree = "<group>";
		};
/* End PBXVariantGroup section */

/* Begin XCBuildConfiguration section */
		03EF4A7029ACF98D0052B569 /* Debug */ = {
			isa = XCBuildConfiguration;
			buildSettings = {
				ALWAYS_SEARCH_USER_PATHS = NO;
				CLANG_ANALYZER_NONNULL = YES;
				CLANG_ANALYZER_NUMBER_OBJECT_CONVERSION = YES_AGGRESSIVE;
				CLANG_CXX_LANGUAGE_STANDARD = "gnu++20";
				CLANG_ENABLE_MODULES = YES;
				CLANG_ENABLE_OBJC_ARC = YES;
				CLANG_ENABLE_OBJC_WEAK = YES;
				CLANG_WARN_BLOCK_CAPTURE_AUTORELEASING = YES;
				CLANG_WARN_BOOL_CONVERSION = YES;
				CLANG_WARN_COMMA = YES;
				CLANG_WARN_CONSTANT_CONVERSION = YES;
				CLANG_WARN_DEPRECATED_OBJC_IMPLEMENTATIONS = YES;
				CLANG_WARN_DIRECT_OBJC_ISA_USAGE = YES_ERROR;
				CLANG_WARN_DOCUMENTATION_COMMENTS = YES;
				CLANG_WARN_EMPTY_BODY = YES;
				CLANG_WARN_ENUM_CONVERSION = YES;
				CLANG_WARN_INFINITE_RECURSION = YES;
				CLANG_WARN_INT_CONVERSION = YES;
				CLANG_WARN_NON_LITERAL_NULL_CONVERSION = YES;
				CLANG_WARN_OBJC_IMPLICIT_RETAIN_SELF = YES;
				CLANG_WARN_OBJC_LITERAL_CONVERSION = YES;
				CLANG_WARN_OBJC_ROOT_CLASS = YES_ERROR;
				CLANG_WARN_QUOTED_INCLUDE_IN_FRAMEWORK_HEADER = YES;
				CLANG_WARN_RANGE_LOOP_ANALYSIS = YES;
				CLANG_WARN_STRICT_PROTOTYPES = YES;
				CLANG_WARN_SUSPICIOUS_MOVE = YES;
				CLANG_WARN_UNGUARDED_AVAILABILITY = YES_AGGRESSIVE;
				CLANG_WARN_UNREACHABLE_CODE = YES;
				CLANG_WARN__DUPLICATE_METHOD_MATCH = YES;
				COPY_PHASE_STRIP = NO;
				DEBUG_INFORMATION_FORMAT = dwarf;
				ENABLE_STRICT_OBJC_MSGSEND = YES;
				ENABLE_TESTABILITY = YES;
				GCC_C_LANGUAGE_STANDARD = gnu11;
				GCC_DYNAMIC_NO_PIC = NO;
				GCC_NO_COMMON_BLOCKS = YES;
				GCC_OPTIMIZATION_LEVEL = 0;
				GCC_PREPROCESSOR_DEFINITIONS = (
					"DEBUG=1",
					"$(inherited)",
				);
				GCC_WARN_64_TO_32_BIT_CONVERSION = YES;
				GCC_WARN_ABOUT_RETURN_TYPE = YES_ERROR;
				GCC_WARN_UNDECLARED_SELECTOR = YES;
				GCC_WARN_UNINITIALIZED_AUTOS = YES_AGGRESSIVE;
				GCC_WARN_UNUSED_FUNCTION = YES;
				GCC_WARN_UNUSED_VARIABLE = YES;
				IPHONEOS_DEPLOYMENT_TARGET = 16.2;
				MTL_ENABLE_DEBUG_INFO = INCLUDE_SOURCE;
				MTL_FAST_MATH = YES;
				ONLY_ACTIVE_ARCH = YES;
				SDKROOT = iphoneos;
				SWIFT_ACTIVE_COMPILATION_CONDITIONS = DEBUG;
				SWIFT_OPTIMIZATION_LEVEL = "-Onone";
			};
			name = Debug;
		};
		03EF4A7129ACF98D0052B569 /* Release */ = {
			isa = XCBuildConfiguration;
			buildSettings = {
				ALWAYS_SEARCH_USER_PATHS = NO;
				CLANG_ANALYZER_NONNULL = YES;
				CLANG_ANALYZER_NUMBER_OBJECT_CONVERSION = YES_AGGRESSIVE;
				CLANG_CXX_LANGUAGE_STANDARD = "gnu++20";
				CLANG_ENABLE_MODULES = YES;
				CLANG_ENABLE_OBJC_ARC = YES;
				CLANG_ENABLE_OBJC_WEAK = YES;
				CLANG_WARN_BLOCK_CAPTURE_AUTORELEASING = YES;
				CLANG_WARN_BOOL_CONVERSION = YES;
				CLANG_WARN_COMMA = YES;
				CLANG_WARN_CONSTANT_CONVERSION = YES;
				CLANG_WARN_DEPRECATED_OBJC_IMPLEMENTATIONS = YES;
				CLANG_WARN_DIRECT_OBJC_ISA_USAGE = YES_ERROR;
				CLANG_WARN_DOCUMENTATION_COMMENTS = YES;
				CLANG_WARN_EMPTY_BODY = YES;
				CLANG_WARN_ENUM_CONVERSION = YES;
				CLANG_WARN_INFINITE_RECURSION = YES;
				CLANG_WARN_INT_CONVERSION = YES;
				CLANG_WARN_NON_LITERAL_NULL_CONVERSION = YES;
				CLANG_WARN_OBJC_IMPLICIT_RETAIN_SELF = YES;
				CLANG_WARN_OBJC_LITERAL_CONVERSION = YES;
				CLANG_WARN_OBJC_ROOT_CLASS = YES_ERROR;
				CLANG_WARN_QUOTED_INCLUDE_IN_FRAMEWORK_HEADER = YES;
				CLANG_WARN_RANGE_LOOP_ANALYSIS = YES;
				CLANG_WARN_STRICT_PROTOTYPES = YES;
				CLANG_WARN_SUSPICIOUS_MOVE = YES;
				CLANG_WARN_UNGUARDED_AVAILABILITY = YES_AGGRESSIVE;
				CLANG_WARN_UNREACHABLE_CODE = YES;
				CLANG_WARN__DUPLICATE_METHOD_MATCH = YES;
				COPY_PHASE_STRIP = NO;
				DEBUG_INFORMATION_FORMAT = "dwarf-with-dsym";
				ENABLE_NS_ASSERTIONS = NO;
				ENABLE_STRICT_OBJC_MSGSEND = YES;
				GCC_C_LANGUAGE_STANDARD = gnu11;
				GCC_NO_COMMON_BLOCKS = YES;
				GCC_WARN_64_TO_32_BIT_CONVERSION = YES;
				GCC_WARN_ABOUT_RETURN_TYPE = YES_ERROR;
				GCC_WARN_UNDECLARED_SELECTOR = YES;
				GCC_WARN_UNINITIALIZED_AUTOS = YES_AGGRESSIVE;
				GCC_WARN_UNUSED_FUNCTION = YES;
				GCC_WARN_UNUSED_VARIABLE = YES;
				IPHONEOS_DEPLOYMENT_TARGET = 16.2;
				MTL_ENABLE_DEBUG_INFO = NO;
				MTL_FAST_MATH = YES;
				SDKROOT = iphoneos;
				SWIFT_COMPILATION_MODE = wholemodule;
				SWIFT_OPTIMIZATION_LEVEL = "-O";
				VALIDATE_PRODUCT = YES;
			};
			name = Release;
		};
		03EF4A7329ACF98D0052B569 /* Debug */ = {
			isa = XCBuildConfiguration;
			baseConfigurationReference = 6B3A0B1D49A72129B3081D4B /* Pods-yourWay.debug.xcconfig */;
			buildSettings = {
				ASSETCATALOG_COMPILER_APPICON_NAME = AppIcon;
				ASSETCATALOG_COMPILER_GLOBAL_ACCENT_COLOR_NAME = AccentColor;
				CODE_SIGN_STYLE = Automatic;
				CURRENT_PROJECT_VERSION = 1;
				DEVELOPMENT_TEAM = 5G3L9PJKC3;
				GENERATE_INFOPLIST_FILE = YES;
				INFOPLIST_FILE = yourWay/Info.plist;
				INFOPLIST_KEY_UIApplicationSupportsIndirectInputEvents = YES;
				INFOPLIST_KEY_UILaunchStoryboardName = LaunchScreen;
				INFOPLIST_KEY_UIMainStoryboardFile = Main;
				INFOPLIST_KEY_UISupportedInterfaceOrientations_iPad = "UIInterfaceOrientationPortrait UIInterfaceOrientationPortraitUpsideDown UIInterfaceOrientationLandscapeLeft UIInterfaceOrientationLandscapeRight";
				INFOPLIST_KEY_UISupportedInterfaceOrientations_iPhone = "UIInterfaceOrientationPortrait UIInterfaceOrientationLandscapeLeft UIInterfaceOrientationLandscapeRight";
				LD_RUNPATH_SEARCH_PATHS = (
					"$(inherited)",
					"@executable_path/Frameworks",
				);
				MARKETING_VERSION = 1.0;
				PRODUCT_BUNDLE_IDENTIFIER = sashabravos.yourWay;
				PRODUCT_NAME = "$(TARGET_NAME)";
				SWIFT_EMIT_LOC_STRINGS = YES;
				SWIFT_VERSION = 5.0;
				TARGETED_DEVICE_FAMILY = "1,2";
			};
			name = Debug;
		};
		03EF4A7429ACF98D0052B569 /* Release */ = {
			isa = XCBuildConfiguration;
			baseConfigurationReference = A4EEB04CADEAEA9FC641A960 /* Pods-yourWay.release.xcconfig */;
			buildSettings = {
				ASSETCATALOG_COMPILER_APPICON_NAME = AppIcon;
				ASSETCATALOG_COMPILER_GLOBAL_ACCENT_COLOR_NAME = AccentColor;
				CODE_SIGN_STYLE = Automatic;
				CURRENT_PROJECT_VERSION = 1;
				DEVELOPMENT_TEAM = 5G3L9PJKC3;
				GENERATE_INFOPLIST_FILE = YES;
				INFOPLIST_FILE = yourWay/Info.plist;
				INFOPLIST_KEY_UIApplicationSupportsIndirectInputEvents = YES;
				INFOPLIST_KEY_UILaunchStoryboardName = LaunchScreen;
				INFOPLIST_KEY_UIMainStoryboardFile = Main;
				INFOPLIST_KEY_UISupportedInterfaceOrientations_iPad = "UIInterfaceOrientationPortrait UIInterfaceOrientationPortraitUpsideDown UIInterfaceOrientationLandscapeLeft UIInterfaceOrientationLandscapeRight";
				INFOPLIST_KEY_UISupportedInterfaceOrientations_iPhone = "UIInterfaceOrientationPortrait UIInterfaceOrientationLandscapeLeft UIInterfaceOrientationLandscapeRight";
				LD_RUNPATH_SEARCH_PATHS = (
					"$(inherited)",
					"@executable_path/Frameworks",
				);
				MARKETING_VERSION = 1.0;
				PRODUCT_BUNDLE_IDENTIFIER = sashabravos.yourWay;
				PRODUCT_NAME = "$(TARGET_NAME)";
				SWIFT_EMIT_LOC_STRINGS = YES;
				SWIFT_VERSION = 5.0;
				TARGETED_DEVICE_FAMILY = "1,2";
			};
			name = Release;
		};
/* End XCBuildConfiguration section */

/* Begin XCConfigurationList section */
		03EF4A5929ACF98C0052B569 /* Build configuration list for PBXProject "yourWay" */ = {
			isa = XCConfigurationList;
			buildConfigurations = (
				03EF4A7029ACF98D0052B569 /* Debug */,
				03EF4A7129ACF98D0052B569 /* Release */,
			);
			defaultConfigurationIsVisible = 0;
			defaultConfigurationName = Release;
		};
		03EF4A7229ACF98D0052B569 /* Build configuration list for PBXNativeTarget "yourWay" */ = {
			isa = XCConfigurationList;
			buildConfigurations = (
				03EF4A7329ACF98D0052B569 /* Debug */,
				03EF4A7429ACF98D0052B569 /* Release */,
			);
			defaultConfigurationIsVisible = 0;
			defaultConfigurationName = Release;
		};
/* End XCConfigurationList section */
	};
	rootObject = 03EF4A5629ACF98C0052B569 /* Project object */;
}
